
Microsoft Visual Studio Solution File, Format Version 12.00
Project("{FAE04EC0-301F-11D3-BF4B-00C04F79EFBC}") = "SecureMessaging", "SecureMessaging\SecureMessaging.csproj", "{CB49EEB6-BF60-4226-A8DA-C264D72E11AF}"
EndProject
Global
	GlobalSection(SolutionConfigurationPlatforms) = preSolution
		Debug|Any CPU = Debug|Any CPU
		Release|Any CPU = Release|Any CPU
	EndGlobalSection
	GlobalSection(ProjectConfigurationPlatforms) = postSolution
		{CB49EEB6-BF60-4226-A8DA-C264D72E11AF}.Debug|Any CPU.ActiveCfg = Debug|Any CPU
		{CB49EEB6-BF60-4226-A8DA-C264D72E11AF}.Debug|Any CPU.Build.0 = Debug|Any CPU
		{CB49EEB6-BF60-4226-A8DA-C264D72E11AF}.Release|Any CPU.ActiveCfg = Release|Any CPU
		{CB49EEB6-BF60-4226-A8DA-C264D72E11AF}.Release|Any CPU.Build.0 = Release|Any CPU
	EndGlobalSection
EndGlobal
